
Microsoft Visual Studio Solution File, Format Version 12.00
# Visual Studio Version 17
VisualStudioVersion = 17.8.34330.188
MinimumVisualStudioVersion = 10.0.40219.1
Project("{9A19103F-16F7-4668-BE54-9A1E7A4F7556}") = "TheDataVisualizer.Server", "TheDataVisualizer.Server\TheDataVisualizer.Server.csproj", "{7DDD0B11-4020-4DA3-9A2F-A70194172F73}"
EndProject
Project("{54A90642-561A-4BB1-A94E-469ADEE60C69}") = "TheDataVisualizer.Client", "thedatavisualizer.client\TheDataVisualizer.Client.esproj", "{42AA5D44-27FC-4B62-834D-1667402E9A99}"
EndProject
Project("{FAE04EC0-301F-11D3-BF4B-00C04F79EFBC}") = "TheDataVisualizer.Services", "TheDataVisualizer.Services\TheDataVisualizer.Services.csproj", "{FD200A7C-27E3-46D4-B5A2-0C685491502F}"
EndProject
Global
	GlobalSection(SolutionConfigurationPlatforms) = preSolution
		Debug|Any CPU = Debug|Any CPU
		Release|Any CPU = Release|Any CPU
	EndGlobalSection
	GlobalSection(ProjectConfigurationPlatforms) = postSolution
		{7DDD0B11-4020-4DA3-9A2F-A70194172F73}.Debug|Any CPU.ActiveCfg = Debug|Any CPU
		{7DDD0B11-4020-4DA3-9A2F-A70194172F73}.Debug|Any CPU.Build.0 = Debug|Any CPU
		{7DDD0B11-4020-4DA3-9A2F-A70194172F73}.Release|Any CPU.ActiveCfg = Release|Any CPU
		{7DDD0B11-4020-4DA3-9A2F-A70194172F73}.Release|Any CPU.Build.0 = Release|Any CPU
		{42AA5D44-27FC-4B62-834D-1667402E9A99}.Debug|Any CPU.ActiveCfg = Debug|Any CPU
		{42AA5D44-27FC-4B62-834D-1667402E9A99}.Debug|Any CPU.Build.0 = Debug|Any CPU
		{42AA5D44-27FC-4B62-834D-1667402E9A99}.Debug|Any CPU.Deploy.0 = Debug|Any CPU
		{42AA5D44-27FC-4B62-834D-1667402E9A99}.Release|Any CPU.ActiveCfg = Release|Any CPU
		{42AA5D44-27FC-4B62-834D-1667402E9A99}.Release|Any CPU.Build.0 = Release|Any CPU
		{42AA5D44-27FC-4B62-834D-1667402E9A99}.Release|Any CPU.Deploy.0 = Release|Any CPU
		{FD200A7C-27E3-46D4-B5A2-0C685491502F}.Debug|Any CPU.ActiveCfg = Debug|Any CPU
		{FD200A7C-27E3-46D4-B5A2-0C685491502F}.Debug|Any CPU.Build.0 = Debug|Any CPU
		{FD200A7C-27E3-46D4-B5A2-0C685491502F}.Release|Any CPU.ActiveCfg = Release|Any CPU
		{FD200A7C-27E3-46D4-B5A2-0C685491502F}.Release|Any CPU.Build.0 = Release|Any CPU
	EndGlobalSection
	GlobalSection(SolutionProperties) = preSolution
		HideSolutionNode = FALSE
	EndGlobalSection
	GlobalSection(ExtensibilityGlobals) = postSolution
		SolutionGuid = {ED9FD5F8-BB33-453E-8F23-3BC17B81BCAC}
	EndGlobalSection
EndGlobal
